PODS:
  - boost (1.59.0):
    - boost/graph-includes (= 1.59.0)
    - boost/math-includes (= 1.59.0)
    - boost/numeric-includes (= 1.59.0)
    - boost/pointer_cast-includes (= 1.59.0)
    - boost/preprocessor-includes (= 1.59.0)
    - boost/shared_ptr-includes (= 1.59.0)
    - boost/string_algorithms-includes (= 1.59.0)
  - boost/graph-includes (1.59.0)
  - boost/math-includes (1.59.0)
  - boost/numeric-includes (1.59.0)
  - boost/pointer_cast-includes (1.59.0)
  - boost/preprocessor-includes (1.59.0)
  - boost/shared_ptr-includes (1.59.0)
  - boost/string_algorithms-includes (1.59.0)
  - Crashlytics (3.7.0):
    - Fabric (~> 1.6.3)
  - Fabric (1.6.7)
  - freetype (2.6.4)
  - glm (0.9.4.6)
  - libpng (1.6.18)
  - sdl2 (2.0.8)
  - ZipUtilities (1.7.2)
  - zziplib (0.13.62)

DEPENDENCIES:
  - boost (~> 1.59.0)
  - Crashlytics
  - Fabric
  - freetype (~> 2.6.4)
  - glm (~> 0.9.4.6)
  - libpng (~> 1.6.18)
  - sdl2 (~> 2.0.8)
  - ZipUtilities (~> 1.7.2)
  - zziplib

SPEC CHECKSUMS:
  boost: 30a15ffb6d9aa4646dd3caffc960753f4cb4ca4e
  Crashlytics: c3a2333dea9e2733d2777f730910321fc9e25c0d
  Fabric: caf7580c725e64db144f610ac65cd60956911dc7
  freetype: f1607aa45440e7cc17c85c32e901f32b7b801fad
  glm: e22c8d9df10404059b19c2952f9fa44d9a9f3056
  libpng: 9c661ee692282485a9cf7fcf0159458c91b4f943
  sdl2: 55bb4580fe98d923a64b1ea83fbb19f84d9f2122
  ZipUtilities: e266a234f60bc53d47e1a030a353275e7213b17b
  zziplib: 2dac36c0d81aa09a22bd14856c2117f80c2eb388

PODFILE CHECKSUM: 72fd57b8aca65af33c3f9c78aaa2829dd8100934

COCOAPODS: 1.4.0
