PODS:
  - boost (1.59.0):
    - boost/graph-includes (= 1.59.0)
    - boost/math-includes (= 1.59.0)
    - boost/numeric-includes (= 1.59.0)
    - boost/pointer_cast-includes (= 1.59.0)
    - boost/preprocessor-includes (= 1.59.0)
    - boost/shared_ptr-includes (= 1.59.0)
    - boost/string_algorithms-includes (= 1.59.0)
  - boost/graph-includes (1.59.0)
  - boost/math-includes (1.59.0)
  - boost/numeric-includes (1.59.0)
  - boost/pointer_cast-includes (1.59.0)
  - boost/preprocessor-includes (1.59.0)
  - boost/shared_ptr-includes (1.59.0)
  - boost/string_algorithms-includes (1.59.0)
  - freetype (2.6.4)
  - glm (0.9.4.6)
  - libpng (1.6.18)
  - ZipUtilities (1.7.2)
  - zziplib (0.13.62)

DEPENDENCIES:
  - boost (~> 1.59.0)
  - freetype (~> 2.6.4)
  - glm (~> 0.9.4.6)
  - libpng (~> 1.6.18)
  - ZipUtilities (~> 1.7.2)
  - zziplib

SPEC CHECKSUMS:
  boost: 30a15ffb6d9aa4646dd3caffc960753f4cb4ca4e
  freetype: f1607aa45440e7cc17c85c32e901f32b7b801fad
  glm: e22c8d9df10404059b19c2952f9fa44d9a9f3056
  libpng: 9c661ee692282485a9cf7fcf0159458c91b4f943
  ZipUtilities: e266a234f60bc53d47e1a030a353275e7213b17b
  zziplib: 6ebfd4fb05db2f6d812174ce6ee669fe8ffcb4b9

PODFILE CHECKSUM: df9daedcc36966e9524b4d1c8663b25b5d0c7dd4

COCOAPODS: 1.0.0.beta.6
